
Microsoft Visual Studio Solution File, Format Version 12.00
# Visual Studio Version 16
VisualStudioVersion = 16.0.30011.22
MinimumVisualStudioVersion = 15.0.26124.0
Project("{9A19103F-16F7-4668-BE54-9A1E7A4F7556}") = "StudentManaging.Domain", "StudentManaging.Domain\StudentManaging.Domain.csproj", "{21838CEA-9D32-4E3C-81EA-F342DA078565}"
EndProject
Project("{2150E333-8FDC-42A3-9474-1A3956D46DE8}") = "test", "test", "{D94B438C-CF74-48DC-BE1E-D00180657A37}"
EndProject
Project("{9A19103F-16F7-4668-BE54-9A1E7A4F7556}") = "StudentManaging.UnitTests", "test\StudentManaging.UnitTests\StudentManaging.UnitTests.csproj", "{B222249E-3ED7-40D2-9749-79562A1C99F1}"
EndProject
Project("{9A19103F-16F7-4668-BE54-9A1E7A4F7556}") = "StudentManaging.Infrastructure", "StudentManaging.Infrastructure\StudentManaging.Infrastructure.csproj", "{1D1D6BBA-6A0F-4FC5-B3CE-932DED5CD014}"
EndProject
Project("{9A19103F-16F7-4668-BE54-9A1E7A4F7556}") = "StudentManaging.API", "StudentManaging.API\StudentManaging.API.csproj", "{7270A1BE-929B-42D6-BC13-592BAE6CDF95}"
EndProject
Project("{9A19103F-16F7-4668-BE54-9A1E7A4F7556}") = "StudentManaging.Application", "StudentManaging.Application\StudentManaging.Application.csproj", "{F4A0FF95-7B8B-4DB5-BE73-8B6D3E5079E0}"
EndProject
Project("{2150E333-8FDC-42A3-9474-1A3956D46DE8}") = "Services", "Services", "{08044ABA-6243-4A25-A2D0-A2AE4CBF07C5}"
EndProject
Project("{2150E333-8FDC-42A3-9474-1A3956D46DE8}") = "StudentManaging", "StudentManaging", "{926A6FF9-0DCE-4834-8A35-B0798A2C6250}"
EndProject
Project("{2150E333-8FDC-42A3-9474-1A3956D46DE8}") = "UserManaging", "UserManaging", "{FC9AFD80-B63D-465A-8F01-E1BD859A4282}"
EndProject
Project("{FAE04EC0-301F-11D3-BF4B-00C04F79EFBC}") = "UserManaging.API", "UserManaging\UserManaging.API\UserManaging.API.csproj", "{8EC91B8A-C9E4-462A-ADAC-0E05659A6A03}"
EndProject
Global
	GlobalSection(SolutionConfigurationPlatforms) = preSolution
		Debug|Any CPU = Debug|Any CPU
		Release|Any CPU = Release|Any CPU
	EndGlobalSection
	GlobalSection(ProjectConfigurationPlatforms) = postSolution
		{21838CEA-9D32-4E3C-81EA-F342DA078565}.Debug|Any CPU.ActiveCfg = Debug|Any CPU
		{21838CEA-9D32-4E3C-81EA-F342DA078565}.Debug|Any CPU.Build.0 = Debug|Any CPU
		{21838CEA-9D32-4E3C-81EA-F342DA078565}.Release|Any CPU.ActiveCfg = Release|Any CPU
		{21838CEA-9D32-4E3C-81EA-F342DA078565}.Release|Any CPU.Build.0 = Release|Any CPU
		{B222249E-3ED7-40D2-9749-79562A1C99F1}.Debug|Any CPU.ActiveCfg = Debug|Any CPU
		{B222249E-3ED7-40D2-9749-79562A1C99F1}.Debug|Any CPU.Build.0 = Debug|Any CPU
		{B222249E-3ED7-40D2-9749-79562A1C99F1}.Release|Any CPU.ActiveCfg = Release|Any CPU
		{B222249E-3ED7-40D2-9749-79562A1C99F1}.Release|Any CPU.Build.0 = Release|Any CPU
		{1D1D6BBA-6A0F-4FC5-B3CE-932DED5CD014}.Debug|Any CPU.ActiveCfg = Debug|Any CPU
		{1D1D6BBA-6A0F-4FC5-B3CE-932DED5CD014}.Debug|Any CPU.Build.0 = Debug|Any CPU
		{1D1D6BBA-6A0F-4FC5-B3CE-932DED5CD014}.Release|Any CPU.ActiveCfg = Release|Any CPU
		{1D1D6BBA-6A0F-4FC5-B3CE-932DED5CD014}.Release|Any CPU.Build.0 = Release|Any CPU
		{7270A1BE-929B-42D6-BC13-592BAE6CDF95}.Debug|Any CPU.ActiveCfg = Debug|Any CPU
		{7270A1BE-929B-42D6-BC13-592BAE6CDF95}.Debug|Any CPU.Build.0 = Debug|Any CPU
		{7270A1BE-929B-42D6-BC13-592BAE6CDF95}.Release|Any CPU.ActiveCfg = Release|Any CPU
		{7270A1BE-929B-42D6-BC13-592BAE6CDF95}.Release|Any CPU.Build.0 = Release|Any CPU
		{F4A0FF95-7B8B-4DB5-BE73-8B6D3E5079E0}.Debug|Any CPU.ActiveCfg = Debug|Any CPU
		{F4A0FF95-7B8B-4DB5-BE73-8B6D3E5079E0}.Debug|Any CPU.Build.0 = Debug|Any CPU
		{F4A0FF95-7B8B-4DB5-BE73-8B6D3E5079E0}.Release|Any CPU.ActiveCfg = Release|Any CPU
		{F4A0FF95-7B8B-4DB5-BE73-8B6D3E5079E0}.Release|Any CPU.Build.0 = Release|Any CPU
		{8EC91B8A-C9E4-462A-ADAC-0E05659A6A03}.Debug|Any CPU.ActiveCfg = Debug|Any CPU
		{8EC91B8A-C9E4-462A-ADAC-0E05659A6A03}.Debug|Any CPU.Build.0 = Debug|Any CPU
		{8EC91B8A-C9E4-462A-ADAC-0E05659A6A03}.Release|Any CPU.ActiveCfg = Release|Any CPU
		{8EC91B8A-C9E4-462A-ADAC-0E05659A6A03}.Release|Any CPU.Build.0 = Release|Any CPU
	EndGlobalSection
	GlobalSection(SolutionProperties) = preSolution
		HideSolutionNode = FALSE
	EndGlobalSection
	GlobalSection(NestedProjects) = preSolution
		{21838CEA-9D32-4E3C-81EA-F342DA078565} = {926A6FF9-0DCE-4834-8A35-B0798A2C6250}
		{B222249E-3ED7-40D2-9749-79562A1C99F1} = {D94B438C-CF74-48DC-BE1E-D00180657A37}
		{1D1D6BBA-6A0F-4FC5-B3CE-932DED5CD014} = {926A6FF9-0DCE-4834-8A35-B0798A2C6250}
		{7270A1BE-929B-42D6-BC13-592BAE6CDF95} = {926A6FF9-0DCE-4834-8A35-B0798A2C6250}
		{F4A0FF95-7B8B-4DB5-BE73-8B6D3E5079E0} = {926A6FF9-0DCE-4834-8A35-B0798A2C6250}
		{926A6FF9-0DCE-4834-8A35-B0798A2C6250} = {08044ABA-6243-4A25-A2D0-A2AE4CBF07C5}
		{FC9AFD80-B63D-465A-8F01-E1BD859A4282} = {08044ABA-6243-4A25-A2D0-A2AE4CBF07C5}
		{8EC91B8A-C9E4-462A-ADAC-0E05659A6A03} = {FC9AFD80-B63D-465A-8F01-E1BD859A4282}
	EndGlobalSection
	GlobalSection(ExtensibilityGlobals) = postSolution
		SolutionGuid = {47BA6F1E-62FF-4D25-9173-49709EAA3E86}
	EndGlobalSection
EndGlobal
